// !$*UTF8*$!
{
	archiveVersion = 1;
	classes = {
	};
	objectVersion = 50;
	objects = {

/* Begin PBXBuildFile section */
		881194FC254AFD06006DA56C /* HistoryViewController.swift in Sources */ = {isa = PBXBuildFile; fileRef = 881194FB254AFD06006DA56C /* HistoryViewController.swift */; };
		88119501254AFD34006DA56C /* DetailViewController.swift in Sources */ = {isa = PBXBuildFile; fileRef = 88119500254AFD34006DA56C /* DetailViewController.swift */; };
		88119504254AFE60006DA56C /* HistoryTableViewCell.swift in Sources */ = {isa = PBXBuildFile; fileRef = 88119503254AFE60006DA56C /* HistoryTableViewCell.swift */; };
		8814AD11254A915D002D774E /* AppDelegate.swift in Sources */ = {isa = PBXBuildFile; fileRef = 8814AD10254A915D002D774E /* AppDelegate.swift */; };
		8814AD13254A915D002D774E /* SceneDelegate.swift in Sources */ = {isa = PBXBuildFile; fileRef = 8814AD12254A915D002D774E /* SceneDelegate.swift */; };
		8814AD15254A915D002D774E /* ViewController.swift in Sources */ = {isa = PBXBuildFile; fileRef = 8814AD14254A915D002D774E /* ViewController.swift */; };
		8814AD18254A915D002D774E /* Main.storyboard in Resources */ = {isa = PBXBuildFile; fileRef = 8814AD16254A915D002D774E /* Main.storyboard */; };
		8814AD1A254A915E002D774E /* Assets.xcassets in Resources */ = {isa = PBXBuildFile; fileRef = 8814AD19254A915E002D774E /* Assets.xcassets */; };
		8814AD1D254A915E002D774E /* LaunchScreen.storyboard in Resources */ = {isa = PBXBuildFile; fileRef = 8814AD1B254A915E002D774E /* LaunchScreen.storyboard */; };
		8814AD26254AC7DD002D774E /* SpeedoViewController.swift in Sources */ = {isa = PBXBuildFile; fileRef = 8814AD25254AC7DD002D774E /* SpeedoViewController.swift */; };
		8814AD2D254AC96B002D774E /* ButtonView.swift in Sources */ = {isa = PBXBuildFile; fileRef = 8814AD2C254AC96B002D774E /* ButtonView.swift */; };
		8814AD37254AD6A5002D774E /* StartButton.swift in Sources */ = {isa = PBXBuildFile; fileRef = 8814AD36254AD6A5002D774E /* StartButton.swift */; };
		8814AD3D254AE2EF002D774E /* TripView.swift in Sources */ = {isa = PBXBuildFile; fileRef = 8814AD3C254AE2EF002D774E /* TripView.swift */; };
		881DF5E9254D2AF200E48347 /* speedoMeter.xcdatamodeld in Sources */ = {isa = PBXBuildFile; fileRef = 881DF5E7254D2AF200E48347 /* speedoMeter.xcdatamodeld */; };
		88A0A7A4254C1F7200072578 /* Speedo.swift in Sources */ = {isa = PBXBuildFile; fileRef = 88A0A7A3254C1F7200072578 /* Speedo.swift */; };
		88A0A7A7254C82C400072578 /* Constant.swift in Sources */ = {isa = PBXBuildFile; fileRef = 88A0A7A6254C82C400072578 /* Constant.swift */; };
		88D96ED7254BE6430031E87F /* LocationHandler.swift in Sources */ = {isa = PBXBuildFile; fileRef = 88D96ED6254BE6430031E87F /* LocationHandler.swift */; };
		88D96EDA254BE65B0031E87F /* CoredataManager.swift in Sources */ = {isa = PBXBuildFile; fileRef = 88D96ED9254BE65B0031E87F /* CoredataManager.swift */; };
		88D96EDE254BF1C60031E87F /* Util.swift in Sources */ = {isa = PBXBuildFile; fileRef = 88D96EDD254BF1C60031E87F /* Util.swift */; };
/* End PBXBuildFile section */

/* Begin PBXFileReference section */
		881194FB254AFD06006DA56C /* HistoryViewController.swift */ = {isa = PBXFileReference; lastKnownFileType = sourcecode.swift; path = HistoryViewController.swift; sourceTree = "<group>"; };
		88119500254AFD34006DA56C /* DetailViewController.swift */ = {isa = PBXFileReference; lastKnownFileType = sourcecode.swift; path = DetailViewController.swift; sourceTree = "<group>"; };
		88119503254AFE60006DA56C /* HistoryTableViewCell.swift */ = {isa = PBXFileReference; lastKnownFileType = sourcecode.swift; path = HistoryTableViewCell.swift; sourceTree = "<group>"; };
		8814AD0D254A915D002D774E /* speedoMeter.app */ = {isa = PBXFileReference; explicitFileType = wrapper.application; includeInIndex = 0; path = speedoMeter.app; sourceTree = BUILT_PRODUCTS_DIR; };
		8814AD10254A915D002D774E /* AppDelegate.swift */ = {isa = PBXFileReference; lastKnownFileType = sourcecode.swift; path = AppDelegate.swift; sourceTree = "<group>"; };
		8814AD12254A915D002D774E /* SceneDelegate.swift */ = {isa = PBXFileReference; lastKnownFileType = sourcecode.swift; path = SceneDelegate.swift; sourceTree = "<group>"; };
		8814AD14254A915D002D774E /* ViewController.swift */ = {isa = PBXFileReference; lastKnownFileType = sourcecode.swift; path = ViewController.swift; sourceTree = "<group>"; };
		8814AD17254A915D002D774E /* Base */ = {isa = PBXFileReference; lastKnownFileType = file.storyboard; name = Base; path = Base.lproj/Main.storyboard; sourceTree = "<group>"; };
		8814AD19254A915E002D774E /* Assets.xcassets */ = {isa = PBXFileReference; lastKnownFileType = folder.assetcatalog; path = Assets.xcassets; sourceTree = "<group>"; };
		8814AD1C254A915E002D774E /* Base */ = {isa = PBXFileReference; lastKnownFileType = file.storyboard; name = Base; path = Base.lproj/LaunchScreen.storyboard; sourceTree = "<group>"; };
		8814AD1E254A915E002D774E /* Info.plist */ = {isa = PBXFileReference; lastKnownFileType = text.plist.xml; path = Info.plist; sourceTree = "<group>"; };
		8814AD25254AC7DD002D774E /* SpeedoViewController.swift */ = {isa = PBXFileReference; lastKnownFileType = sourcecode.swift; path = SpeedoViewController.swift; sourceTree = "<group>"; };
		8814AD2C254AC96B002D774E /* ButtonView.swift */ = {isa = PBXFileReference; lastKnownFileType = sourcecode.swift; path = ButtonView.swift; sourceTree = "<group>"; };
		8814AD36254AD6A5002D774E /* StartButton.swift */ = {isa = PBXFileReference; lastKnownFileType = sourcecode.swift; path = StartButton.swift; sourceTree = "<group>"; };
		8814AD3C254AE2EF002D774E /* TripView.swift */ = {isa = PBXFileReference; lastKnownFileType = sourcecode.swift; path = TripView.swift; sourceTree = "<group>"; };
		881DF5E8254D2AF200E48347 /* speedoMeter.xcdatamodel */ = {isa = PBXFileReference; lastKnownFileType = wrapper.xcdatamodel; path = speedoMeter.xcdatamodel; sourceTree = "<group>"; };
		88A0A7A3254C1F7200072578 /* Speedo.swift */ = {isa = PBXFileReference; lastKnownFileType = sourcecode.swift; path = Speedo.swift; sourceTree = "<group>"; };
		88A0A7A6254C82C400072578 /* Constant.swift */ = {isa = PBXFileReference; lastKnownFileType = sourcecode.swift; path = Constant.swift; sourceTree = "<group>"; };
		88D96ED6254BE6430031E87F /* LocationHandler.swift */ = {isa = PBXFileReference; lastKnownFileType = sourcecode.swift; path = LocationHandler.swift; sourceTree = "<group>"; };
		88D96ED9254BE65B0031E87F /* CoredataManager.swift */ = {isa = PBXFileReference; lastKnownFileType = sourcecode.swift; path = CoredataManager.swift; sourceTree = "<group>"; };
		88D96EDD254BF1C60031E87F /* Util.swift */ = {isa = PBXFileReference; lastKnownFileType = sourcecode.swift; path = Util.swift; sourceTree = "<group>"; };
/* End PBXFileReference section */

/* Begin PBXFrameworksBuildPhase section */
		8814AD0A254A915D002D774E /* Frameworks */ = {
			isa = PBXFrameworksBuildPhase;
			buildActionMask = 2147483647;
			files = (
			);
			runOnlyForDeploymentPostprocessing = 0;
		};
/* End PBXFrameworksBuildPhase section */

/* Begin PBXGroup section */
		881194FA254AFCEC006DA56C /* History */ = {
			isa = PBXGroup;
			children = (
				881194FB254AFD06006DA56C /* HistoryViewController.swift */,
				88119503254AFE60006DA56C /* HistoryTableViewCell.swift */,
			);
			path = History;
			sourceTree = "<group>";
		};
		881194FF254AFD24006DA56C /* Detail */ = {
			isa = PBXGroup;
			children = (
				88119500254AFD34006DA56C /* DetailViewController.swift */,
			);
			path = Detail;
			sourceTree = "<group>";
		};
		8814AD04254A915D002D774E = {
			isa = PBXGroup;
			children = (
				8814AD0F254A915D002D774E /* speedoMeter */,
				8814AD0E254A915D002D774E /* Products */,
			);
			sourceTree = "<group>";
		};
		8814AD0E254A915D002D774E /* Products */ = {
			isa = PBXGroup;
			children = (
				8814AD0D254A915D002D774E /* speedoMeter.app */,
			);
			name = Products;
			sourceTree = "<group>";
		};
		8814AD0F254A915D002D774E /* speedoMeter */ = {
			isa = PBXGroup;
			children = (
				88A0A7A2254C1F5E00072578 /* Model */,
				88D96EE1254C144A0031E87F /* Services */,
				88D96EDC254BF1950031E87F /* Utility */,
				881194FF254AFD24006DA56C /* Detail */,
				881194FA254AFCEC006DA56C /* History */,
				8814AD3A254ADDF3002D774E /* Speedo */,
				8814AD10254A915D002D774E /* AppDelegate.swift */,
				8814AD12254A915D002D774E /* SceneDelegate.swift */,
				8814AD14254A915D002D774E /* ViewController.swift */,
				8814AD16254A915D002D774E /* Main.storyboard */,
				8814AD19254A915E002D774E /* Assets.xcassets */,
				8814AD1B254A915E002D774E /* LaunchScreen.storyboard */,
				8814AD1E254A915E002D774E /* Info.plist */,
				881DF5E7254D2AF200E48347 /* speedoMeter.xcdatamodeld */,
			);
			path = speedoMeter;
			sourceTree = "<group>";
		};
		8814AD39254ADDE2002D774E /* SupportFiles */ = {
			isa = PBXGroup;
			children = (
				8814AD36254AD6A5002D774E /* StartButton.swift */,
				8814AD2C254AC96B002D774E /* ButtonView.swift */,
				8814AD3C254AE2EF002D774E /* TripView.swift */,
			);
			path = SupportFiles;
			sourceTree = "<group>";
		};
		8814AD3A254ADDF3002D774E /* Speedo */ = {
			isa = PBXGroup;
			children = (
				8814AD25254AC7DD002D774E /* SpeedoViewController.swift */,
				8814AD39254ADDE2002D774E /* SupportFiles */,
			);
			path = Speedo;
			sourceTree = "<group>";
		};
		88A0A7A2254C1F5E00072578 /* Model */ = {
			isa = PBXGroup;
			children = (
				88A0A7A3254C1F7200072578 /* Speedo.swift */,
			);
			path = Model;
			sourceTree = "<group>";
		};
		88D96EDC254BF1950031E87F /* Utility */ = {
			isa = PBXGroup;
			children = (
				88D96EDD254BF1C60031E87F /* Util.swift */,
				88A0A7A6254C82C400072578 /* Constant.swift */,
			);
			path = Utility;
			sourceTree = "<group>";
		};
		88D96EE1254C144A0031E87F /* Services */ = {
			isa = PBXGroup;
			children = (
				88D96ED6254BE6430031E87F /* LocationHandler.swift */,
				88D96ED9254BE65B0031E87F /* CoredataManager.swift */,
			);
			path = Services;
			sourceTree = "<group>";
		};
/* End PBXGroup section */

/* Begin PBXNativeTarget section */
		8814AD0C254A915D002D774E /* speedoMeter */ = {
			isa = PBXNativeTarget;
			buildConfigurationList = 8814AD21254A915E002D774E /* Build configuration list for PBXNativeTarget "speedoMeter" */;
			buildPhases = (
				8814AD09254A915D002D774E /* Sources */,
				8814AD0A254A915D002D774E /* Frameworks */,
				8814AD0B254A915D002D774E /* Resources */,
			);
			buildRules = (
			);
			dependencies = (
			);
			name = speedoMeter;
			productName = speedoMeter;
			productReference = 8814AD0D254A915D002D774E /* speedoMeter.app */;
			productType = "com.apple.product-type.application";
		};
/* End PBXNativeTarget section */

/* Begin PBXProject section */
		8814AD05254A915D002D774E /* Project object */ = {
			isa = PBXProject;
			attributes = {
				LastSwiftUpdateCheck = 1200;
				LastUpgradeCheck = 1200;
				TargetAttributes = {
					8814AD0C254A915D002D774E = {
						CreatedOnToolsVersion = 12.0.1;
					};
				};
			};
			buildConfigurationList = 8814AD08254A915D002D774E /* Build configuration list for PBXProject "speedoMeter" */;
			compatibilityVersion = "Xcode 9.3";
			developmentRegion = en;
			hasScannedForEncodings = 0;
			knownRegions = (
				en,
				Base,
			);
			mainGroup = 8814AD04254A915D002D774E;
			productRefGroup = 8814AD0E254A915D002D774E /* Products */;
			projectDirPath = "";
			projectRoot = "";
			targets = (
				8814AD0C254A915D002D774E /* speedoMeter */,
			);
		};
/* End PBXProject section */

/* Begin PBXResourcesBuildPhase section */
		8814AD0B254A915D002D774E /* Resources */ = {
			isa = PBXResourcesBuildPhase;
			buildActionMask = 2147483647;
			files = (
				8814AD1D254A915E002D774E /* LaunchScreen.storyboard in Resources */,
				8814AD1A254A915E002D774E /* Assets.xcassets in Resources */,
				8814AD18254A915D002D774E /* Main.storyboard in Resources */,
			);
			runOnlyForDeploymentPostprocessing = 0;
		};
/* End PBXResourcesBuildPhase section */

/* Begin PBXSourcesBuildPhase section */
		8814AD09254A915D002D774E /* Sources */ = {
			isa = PBXSourcesBuildPhase;
			buildActionMask = 2147483647;
			files = (
				88119501254AFD34006DA56C /* DetailViewController.swift in Sources */,
				8814AD37254AD6A5002D774E /* StartButton.swift in Sources */,
				88A0A7A7254C82C400072578 /* Constant.swift in Sources */,
				8814AD26254AC7DD002D774E /* SpeedoViewController.swift in Sources */,
				8814AD15254A915D002D774E /* ViewController.swift in Sources */,
				88119504254AFE60006DA56C /* HistoryTableViewCell.swift in Sources */,
				8814AD11254A915D002D774E /* AppDelegate.swift in Sources */,
				88D96ED7254BE6430031E87F /* LocationHandler.swift in Sources */,
				88A0A7A4254C1F7200072578 /* Speedo.swift in Sources */,
				88D96EDE254BF1C60031E87F /* Util.swift in Sources */,
				8814AD2D254AC96B002D774E /* ButtonView.swift in Sources */,
				8814AD13254A915D002D774E /* SceneDelegate.swift in Sources */,
				8814AD3D254AE2EF002D774E /* TripView.swift in Sources */,
				881DF5E9254D2AF200E48347 /* speedoMeter.xcdatamodeld in Sources */,
				88D96EDA254BE65B0031E87F /* CoredataManager.swift in Sources */,
				881194FC254AFD06006DA56C /* HistoryViewController.swift in Sources */,
			);
			runOnlyForDeploymentPostprocessing = 0;
		};
/* End PBXSourcesBuildPhase section */

/* Begin PBXVariantGroup section */
		8814AD16254A915D002D774E /* Main.storyboard */ = {
			isa = PBXVariantGroup;
			children = (
				8814AD17254A915D002D774E /* Base */,
			);
			name = Main.storyboard;
			sourceTree = "<group>";
		};
		8814AD1B254A915E002D774E /* LaunchScreen.storyboard */ = {
			isa = PBXVariantGroup;
			children = (
				8814AD1C254A915E002D774E /* Base */,
			);
			name = LaunchScreen.storyboard;
			sourceTree = "<group>";
		};
/* End PBXVariantGroup section */

/* Begin XCBuildConfiguration section */
		8814AD1F254A915E002D774E /* Debug */ = {
			isa = XCBuildConfiguration;
			buildSettings = {
				ALWAYS_SEARCH_USER_PATHS = NO;
				CLANG_ANALYZER_NONNULL = YES;
				CLANG_ANALYZER_NUMBER_OBJECT_CONVERSION = YES_AGGRESSIVE;
				CLANG_CXX_LANGUAGE_STANDARD = "gnu++14";
				CLANG_CXX_LIBRARY = "libc++";
				CLANG_ENABLE_MODULES = YES;
				CLANG_ENABLE_OBJC_ARC = YES;
				CLANG_ENABLE_OBJC_WEAK = YES;
				CLANG_WARN_BLOCK_CAPTURE_AUTORELEASING = YES;
				CLANG_WARN_BOOL_CONVERSION = YES;
				CLANG_WARN_COMMA = YES;
				CLANG_WARN_CONSTANT_CONVERSION = YES;
				CLANG_WARN_DEPRECATED_OBJC_IMPLEMENTATIONS = YES;
				CLANG_WARN_DIRECT_OBJC_ISA_USAGE = YES_ERROR;
				CLANG_WARN_DOCUMENTATION_COMMENTS = YES;
				CLANG_WARN_EMPTY_BODY = YES;
				CLANG_WARN_ENUM_CONVERSION = YES;
				CLANG_WARN_INFINITE_RECURSION = YES;
				CLANG_WARN_INT_CONVERSION = YES;
				CLANG_WARN_NON_LITERAL_NULL_CONVERSION = YES;
				CLANG_WARN_OBJC_IMPLICIT_RETAIN_SELF = YES;
				CLANG_WARN_OBJC_LITERAL_CONVERSION = YES;
				CLANG_WARN_OBJC_ROOT_CLASS = YES_ERROR;
				CLANG_WARN_QUOTED_INCLUDE_IN_FRAMEWORK_HEADER = YES;
				CLANG_WARN_RANGE_LOOP_ANALYSIS = YES;
				CLANG_WARN_STRICT_PROTOTYPES = YES;
				CLANG_WARN_SUSPICIOUS_MOVE = YES;
				CLANG_WARN_UNGUARDED_AVAILABILITY = YES_AGGRESSIVE;
				CLANG_WARN_UNREACHABLE_CODE = YES;
				CLANG_WARN__DUPLICATE_METHOD_MATCH = YES;
				COPY_PHASE_STRIP = NO;
				DEBUG_INFORMATION_FORMAT = dwarf;
				ENABLE_STRICT_OBJC_MSGSEND = YES;
				ENABLE_TESTABILITY = YES;
				GCC_C_LANGUAGE_STANDARD = gnu11;
				GCC_DYNAMIC_NO_PIC = NO;
				GCC_NO_COMMON_BLOCKS = YES;
				GCC_OPTIMIZATION_LEVEL = 0;
				GCC_PREPROCESSOR_DEFINITIONS = (
					"DEBUG=1",
					"$(inherited)",
				);
				GCC_WARN_64_TO_32_BIT_CONVERSION = YES;
				GCC_WARN_ABOUT_RETURN_TYPE = YES_ERROR;
				GCC_WARN_UNDECLARED_SELECTOR = YES;
				GCC_WARN_UNINITIALIZED_AUTOS = YES_AGGRESSIVE;
				GCC_WARN_UNUSED_FUNCTION = YES;
				GCC_WARN_UNUSED_VARIABLE = YES;
				IPHONEOS_DEPLOYMENT_TARGET = 14.0;
				MTL_ENABLE_DEBUG_INFO = INCLUDE_SOURCE;
				MTL_FAST_MATH = YES;
				ONLY_ACTIVE_ARCH = YES;
				SDKROOT = iphoneos;
				SWIFT_ACTIVE_COMPILATION_CONDITIONS = DEBUG;
				SWIFT_OPTIMIZATION_LEVEL = "-Onone";
			};
			name = Debug;
		};
		8814AD20254A915E002D774E /* Release */ = {
			isa = XCBuildConfiguration;
			buildSettings = {
				ALWAYS_SEARCH_USER_PATHS = NO;
				CLANG_ANALYZER_NONNULL = YES;
				CLANG_ANALYZER_NUMBER_OBJECT_CONVERSION = YES_AGGRESSIVE;
				CLANG_CXX_LANGUAGE_STANDARD = "gnu++14";
				CLANG_CXX_LIBRARY = "libc++";
				CLANG_ENABLE_MODULES = YES;
				CLANG_ENABLE_OBJC_ARC = YES;
				CLANG_ENABLE_OBJC_WEAK = YES;
				CLANG_WARN_BLOCK_CAPTURE_AUTORELEASING = YES;
				CLANG_WARN_BOOL_CONVERSION = YES;
				CLANG_WARN_COMMA = YES;
				CLANG_WARN_CONSTANT_CONVERSION = YES;
				CLANG_WARN_DEPRECATED_OBJC_IMPLEMENTATIONS = YES;
				CLANG_WARN_DIRECT_OBJC_ISA_USAGE = YES_ERROR;
				CLANG_WARN_DOCUMENTATION_COMMENTS = YES;
				CLANG_WARN_EMPTY_BODY = YES;
				CLANG_WARN_ENUM_CONVERSION = YES;
				CLANG_WARN_INFINITE_RECURSION = YES;
				CLANG_WARN_INT_CONVERSION = YES;
				CLANG_WARN_NON_LITERAL_NULL_CONVERSION = YES;
				CLANG_WARN_OBJC_IMPLICIT_RETAIN_SELF = YES;
				CLANG_WARN_OBJC_LITERAL_CONVERSION = YES;
				CLANG_WARN_OBJC_ROOT_CLASS = YES_ERROR;
				CLANG_WARN_QUOTED_INCLUDE_IN_FRAMEWORK_HEADER = YES;
				CLANG_WARN_RANGE_LOOP_ANALYSIS = YES;
				CLANG_WARN_STRICT_PROTOTYPES = YES;
				CLANG_WARN_SUSPICIOUS_MOVE = YES;
				CLANG_WARN_UNGUARDED_AVAILABILITY = YES_AGGRESSIVE;
				CLANG_WARN_UNREACHABLE_CODE = YES;
				CLANG_WARN__DUPLICATE_METHOD_MATCH = YES;
				COPY_PHASE_STRIP = NO;
				DEBUG_INFORMATION_FORMAT = "dwarf-with-dsym";
				ENABLE_NS_ASSERTIONS = NO;
				ENABLE_STRICT_OBJC_MSGSEND = YES;
				GCC_C_LANGUAGE_STANDARD = gnu11;
				GCC_NO_COMMON_BLOCKS = YES;
				GCC_WARN_64_TO_32_BIT_CONVERSION = YES;
				GCC_WARN_ABOUT_RETURN_TYPE = YES_ERROR;
				GCC_WARN_UNDECLARED_SELECTOR = YES;
				GCC_WARN_UNINITIALIZED_AUTOS = YES_AGGRESSIVE;
				GCC_WARN_UNUSED_FUNCTION = YES;
				GCC_WARN_UNUSED_VARIABLE = YES;
				IPHONEOS_DEPLOYMENT_TARGET = 14.0;
				MTL_ENABLE_DEBUG_INFO = NO;
				MTL_FAST_MATH = YES;
				SDKROOT = iphoneos;
				SWIFT_COMPILATION_MODE = wholemodule;
				SWIFT_OPTIMIZATION_LEVEL = "-O";
				VALIDATE_PRODUCT = YES;
			};
			name = Release;
		};
		8814AD22254A915E002D774E /* Debug */ = {
			isa = XCBuildConfiguration;
			buildSettings = {
				ASSETCATALOG_COMPILER_APPICON_NAME = AppIcon;
				ASSETCATALOG_COMPILER_GLOBAL_ACCENT_COLOR_NAME = AccentColor;
				CODE_SIGN_STYLE = Automatic;
				DEVELOPMENT_TEAM = DQ5X2GW5HL;
				INFOPLIST_FILE = speedoMeter/Info.plist;
				LD_RUNPATH_SEARCH_PATHS = (
					"$(inherited)",
					"@executable_path/Frameworks",
				);
				PRODUCT_BUNDLE_IDENTIFIER = com.speed.speedoMeter;
				PRODUCT_NAME = "$(TARGET_NAME)";
				SWIFT_VERSION = 5.0;
				TARGETED_DEVICE_FAMILY = "1,2";
			};
			name = Debug;
		};
		8814AD23254A915E002D774E /* Release */ = {
			isa = XCBuildConfiguration;
			buildSettings = {
				ASSETCATALOG_COMPILER_APPICON_NAME = AppIcon;
				ASSETCATALOG_COMPILER_GLOBAL_ACCENT_COLOR_NAME = AccentColor;
				CODE_SIGN_STYLE = Automatic;
				DEVELOPMENT_TEAM = DQ5X2GW5HL;
				INFOPLIST_FILE = speedoMeter/Info.plist;
				LD_RUNPATH_SEARCH_PATHS = (
					"$(inherited)",
					"@executable_path/Frameworks",
				);
				PRODUCT_BUNDLE_IDENTIFIER = com.speed.speedoMeter;
				PRODUCT_NAME = "$(TARGET_NAME)";
				SWIFT_VERSION = 5.0;
				TARGETED_DEVICE_FAMILY = "1,2";
			};
			name = Release;
		};
/* End XCBuildConfiguration section */

/* Begin XCConfigurationList section */
		8814AD08254A915D002D774E /* Build configuration list for PBXProject "speedoMeter" */ = {
			isa = XCConfigurationList;
			buildConfigurations = (
				8814AD1F254A915E002D774E /* Debug */,
				8814AD20254A915E002D774E /* Release */,
			);
			defaultConfigurationIsVisible = 0;
			defaultConfigurationName = Release;
		};
		8814AD21254A915E002D774E /* Build configuration list for PBXNativeTarget "speedoMeter" */ = {
			isa = XCConfigurationList;
			buildConfigurations = (
				8814AD22254A915E002D774E /* Debug */,
				8814AD23254A915E002D774E /* Release */,
			);
			defaultConfigurationIsVisible = 0;
			defaultConfigurationName = Release;
		};
/* End XCConfigurationList section */

/* Begin XCVersionGroup section */
		881DF5E7254D2AF200E48347 /* speedoMeter.xcdatamodeld */ = {
			isa = XCVersionGroup;
			children = (
				881DF5E8254D2AF200E48347 /* speedoMeter.xcdatamodel */,
			);
			currentVersion = 881DF5E8254D2AF200E48347 /* speedoMeter.xcdatamodel */;
			path = speedoMeter.xcdatamodeld;
			sourceTree = "<group>";
			versionGroupType = wrapper.xcdatamodel;
		};
/* End XCVersionGroup section */
	};
	rootObject = 8814AD05254A915D002D774E /* Project object */;
}
